
Microsoft Visual Studio Solution File, Format Version 12.00
# Visual Studio Version 16
VisualStudioVersion = 25.0.1706.14
MinimumVisualStudioVersion = 10.0.40219.1
Project("{FAE04EC0-301F-11D3-BF4B-00C04F79EFBC}") = "Proyecto1-B", "Proyecto1-B\Proyecto1-B.csproj", "{95DAD837-322F-4ED3-9AAF-C0CB811E3FAF}"
EndProject
Global
	GlobalSection(SolutionConfigurationPlatforms) = preSolution
		Debug|Any CPU = Debug|Any CPU
		Release|Any CPU = Release|Any CPU
	EndGlobalSection
	GlobalSection(ProjectConfigurationPlatforms) = postSolution
		{95DAD837-322F-4ED3-9AAF-C0CB811E3FAF}.Debug|Any CPU.ActiveCfg = Debug|Any CPU
		{95DAD837-322F-4ED3-9AAF-C0CB811E3FAF}.Debug|Any CPU.Build.0 = Debug|Any CPU
		{95DAD837-322F-4ED3-9AAF-C0CB811E3FAF}.Release|Any CPU.ActiveCfg = Release|Any CPU
		{95DAD837-322F-4ED3-9AAF-C0CB811E3FAF}.Release|Any CPU.Build.0 = Release|Any CPU
	EndGlobalSection
	GlobalSection(SolutionProperties) = preSolution
		HideSolutionNode = FALSE
	EndGlobalSection
	GlobalSection(ExtensibilityGlobals) = postSolution
		SolutionGuid = {282F2EC9-6EC6-4C8E-A39B-0137024A92A7}
	EndGlobalSection
EndGlobal
